
Microsoft Visual Studio Solution File, Format Version 12.00
# Visual Studio Version 17
VisualStudioVersion = 17.0.31903.59
MinimumVisualStudioVersion = 10.0.40219.1
Project("{FAE04EC0-301F-11D3-BF4B-00C04F79EFBC}") = "AcumaticaInventoryScanner", "AcumaticaInventoryScanner\AcumaticaInventoryScanner.csproj", "{5CD102E4-9E67-4ED4-8ACF-57DBE36D224A}"
EndProject
Project("{FAE04EC0-301F-11D3-BF4B-00C04F79EFBC}") = "AcumaticaInventoryScanner.Tests", "AcumaticaInventoryScanner.Tests\AcumaticaInventoryScanner.Tests.csproj", "{D32C98FB-C03F-491B-BD85-02ED5A0330E3}"
EndProject
Project("{FAE04EC0-301F-11D3-BF4B-00C04F79EFBC}") = "BarcodeGenerator", "BarcodeGenerator\BarcodeGenerator.csproj", "{533D89E8-F8F1-48C2-8E33-85F5E1B65FEC}"
EndProject
Global
	GlobalSection(SolutionConfigurationPlatforms) = preSolution
		Debug|Any CPU = Debug|Any CPU
		Debug|x64 = Debug|x64
		Debug|x86 = Debug|x86
		Release|Any CPU = Release|Any CPU
		Release|x64 = Release|x64
		Release|x86 = Release|x86
	EndGlobalSection
	GlobalSection(ProjectConfigurationPlatforms) = postSolution
		{5CD102E4-9E67-4ED4-8ACF-57DBE36D224A}.Debug|Any CPU.ActiveCfg = Debug|Any CPU
		{5CD102E4-9E67-4ED4-8ACF-57DBE36D224A}.Debug|Any CPU.Build.0 = Debug|Any CPU
		{5CD102E4-9E67-4ED4-8ACF-57DBE36D224A}.Debug|x64.ActiveCfg = Debug|Any CPU
		{5CD102E4-9E67-4ED4-8ACF-57DBE36D224A}.Debug|x64.Build.0 = Debug|Any CPU
		{5CD102E4-9E67-4ED4-8ACF-57DBE36D224A}.Debug|x86.ActiveCfg = Debug|Any CPU
		{5CD102E4-9E67-4ED4-8ACF-57DBE36D224A}.Debug|x86.Build.0 = Debug|Any CPU
		{5CD102E4-9E67-4ED4-8ACF-57DBE36D224A}.Release|Any CPU.ActiveCfg = Release|Any CPU
		{5CD102E4-9E67-4ED4-8ACF-57DBE36D224A}.Release|Any CPU.Build.0 = Release|Any CPU
		{5CD102E4-9E67-4ED4-8ACF-57DBE36D224A}.Release|x64.ActiveCfg = Release|Any CPU
		{5CD102E4-9E67-4ED4-8ACF-57DBE36D224A}.Release|x64.Build.0 = Release|Any CPU
		{5CD102E4-9E67-4ED4-8ACF-57DBE36D224A}.Release|x86.ActiveCfg = Release|Any CPU
		{5CD102E4-9E67-4ED4-8ACF-57DBE36D224A}.Release|x86.Build.0 = Release|Any CPU
		{D32C98FB-C03F-491B-BD85-02ED5A0330E3}.Debug|Any CPU.ActiveCfg = Debug|Any CPU
		{D32C98FB-C03F-491B-BD85-02ED5A0330E3}.Debug|Any CPU.Build.0 = Debug|Any CPU
		{D32C98FB-C03F-491B-BD85-02ED5A0330E3}.Debug|x64.ActiveCfg = Debug|Any CPU
		{D32C98FB-C03F-491B-BD85-02ED5A0330E3}.Debug|x64.Build.0 = Debug|Any CPU
		{D32C98FB-C03F-491B-BD85-02ED5A0330E3}.Debug|x86.ActiveCfg = Debug|Any CPU
		{D32C98FB-C03F-491B-BD85-02ED5A0330E3}.Debug|x86.Build.0 = Debug|Any CPU
		{D32C98FB-C03F-491B-BD85-02ED5A0330E3}.Release|Any CPU.ActiveCfg = Release|Any CPU
		{D32C98FB-C03F-491B-BD85-02ED5A0330E3}.Release|Any CPU.Build.0 = Release|Any CPU
		{D32C98FB-C03F-491B-BD85-02ED5A0330E3}.Release|x64.ActiveCfg = Release|Any CPU
		{D32C98FB-C03F-491B-BD85-02ED5A0330E3}.Release|x64.Build.0 = Release|Any CPU
		{D32C98FB-C03F-491B-BD85-02ED5A0330E3}.Release|x86.ActiveCfg = Release|Any CPU
		{D32C98FB-C03F-491B-BD85-02ED5A0330E3}.Release|x86.Build.0 = Release|Any CPU
		{533D89E8-F8F1-48C2-8E33-85F5E1B65FEC}.Debug|Any CPU.ActiveCfg = Debug|Any CPU
		{533D89E8-F8F1-48C2-8E33-85F5E1B65FEC}.Debug|Any CPU.Build.0 = Debug|Any CPU
		{533D89E8-F8F1-48C2-8E33-85F5E1B65FEC}.Debug|x64.ActiveCfg = Debug|Any CPU
		{533D89E8-F8F1-48C2-8E33-85F5E1B65FEC}.Debug|x64.Build.0 = Debug|Any CPU
		{533D89E8-F8F1-48C2-8E33-85F5E1B65FEC}.Debug|x86.ActiveCfg = Debug|Any CPU
		{533D89E8-F8F1-48C2-8E33-85F5E1B65FEC}.Debug|x86.Build.0 = Debug|Any CPU
		{533D89E8-F8F1-48C2-8E33-85F5E1B65FEC}.Release|Any CPU.ActiveCfg = Release|Any CPU
		{533D89E8-F8F1-48C2-8E33-85F5E1B65FEC}.Release|Any CPU.Build.0 = Release|Any CPU
		{533D89E8-F8F1-48C2-8E33-85F5E1B65FEC}.Release|x64.ActiveCfg = Release|Any CPU
		{533D89E8-F8F1-48C2-8E33-85F5E1B65FEC}.Release|x64.Build.0 = Release|Any CPU
		{533D89E8-F8F1-48C2-8E33-85F5E1B65FEC}.Release|x86.ActiveCfg = Release|Any CPU
		{533D89E8-F8F1-48C2-8E33-85F5E1B65FEC}.Release|x86.Build.0 = Release|Any CPU
	EndGlobalSection
	GlobalSection(SolutionProperties) = preSolution
		HideSolutionNode = FALSE
	EndGlobalSection
EndGlobal
